// !$*UTF8*$!
{
	archiveVersion = 1;
	classes = {
	};
	objectVersion = 56;
	objects = {

/* Begin PBXBuildFile section */
		75B9BE862AEFA4BF00D6F4A8 /* Face_IDApp.swift in Sources */ = {isa = PBXBuildFile; fileRef = 75B9BE852AEFA4BF00D6F4A8 /* Face_IDApp.swift */; };
		75B9BE882AEFA4BF00D6F4A8 /* ContentView.swift in Sources */ = {isa = PBXBuildFile; fileRef = 75B9BE872AEFA4BF00D6F4A8 /* ContentView.swift */; };
		75B9BE8A2AEFA4C100D6F4A8 /* Assets.xcassets in Resources */ = {isa = PBXBuildFile; fileRef = 75B9BE892AEFA4C100D6F4A8 /* Assets.xcassets */; };
		75B9BE8E2AEFA4C100D6F4A8 /* Preview Assets.xcassets in Resources */ = {isa = PBXBuildFile; fileRef = 75B9BE8D2AEFA4C100D6F4A8 /* Preview Assets.xcassets */; };
		75B9BE982AEFA4C100D6F4A8 /* Face_IDTests.swift in Sources */ = {isa = PBXBuildFile; fileRef = 75B9BE972AEFA4C100D6F4A8 /* Face_IDTests.swift */; };
		75B9BEA22AEFA4C100D6F4A8 /* Face_IDUITests.swift in Sources */ = {isa = PBXBuildFile; fileRef = 75B9BEA12AEFA4C100D6F4A8 /* Face_IDUITests.swift */; };
		75B9BEA42AEFA4C100D6F4A8 /* Face_IDUITestsLaunchTests.swift in Sources */ = {isa = PBXBuildFile; fileRef = 75B9BEA32AEFA4C100D6F4A8 /* Face_IDUITestsLaunchTests.swift */; };
/* End PBXBuildFile section */

/* Begin PBXContainerItemProxy section */
		75B9BE942AEFA4C100D6F4A8 /* PBXContainerItemProxy */ = {
			isa = PBXContainerItemProxy;
			containerPortal = 75B9BE7A2AEFA4BF00D6F4A8 /* Project object */;
			proxyType = 1;
			remoteGlobalIDString = 75B9BE812AEFA4BF00D6F4A8;
			remoteInfo = "Face ID";
		};
		75B9BE9E2AEFA4C100D6F4A8 /* PBXContainerItemProxy */ = {
			isa = PBXContainerItemProxy;
			containerPortal = 75B9BE7A2AEFA4BF00D6F4A8 /* Project object */;
			proxyType = 1;
			remoteGlobalIDString = 75B9BE812AEFA4BF00D6F4A8;
			remoteInfo = "Face ID";
		};
/* End PBXContainerItemProxy section */

/* Begin PBXFileReference section */
		75B9BE822AEFA4BF00D6F4A8 /* Face ID.app */ = {isa = PBXFileReference; explicitFileType = wrapper.application; includeInIndex = 0; path = "Face ID.app"; sourceTree = BUILT_PRODUCTS_DIR; };
		75B9BE852AEFA4BF00D6F4A8 /* Face_IDApp.swift */ = {isa = PBXFileReference; lastKnownFileType = sourcecode.swift; path = Face_IDApp.swift; sourceTree = "<group>"; };
		75B9BE872AEFA4BF00D6F4A8 /* ContentView.swift */ = {isa = PBXFileReference; lastKnownFileType = sourcecode.swift; path = ContentView.swift; sourceTree = "<group>"; };
		75B9BE892AEFA4C100D6F4A8 /* Assets.xcassets */ = {isa = PBXFileReference; lastKnownFileType = folder.assetcatalog; path = Assets.xcassets; sourceTree = "<group>"; };
		75B9BE8B2AEFA4C100D6F4A8 /* Face_ID.entitlements */ = {isa = PBXFileReference; lastKnownFileType = text.plist.entitlements; path = Face_ID.entitlements; sourceTree = "<group>"; };
		75B9BE8D2AEFA4C100D6F4A8 /* Preview Assets.xcassets */ = {isa = PBXFileReference; lastKnownFileType = folder.assetcatalog; path = "Preview Assets.xcassets"; sourceTree = "<group>"; };
		75B9BE932AEFA4C100D6F4A8 /* Face IDTests.xctest */ = {isa = PBXFileReference; explicitFileType = wrapper.cfbundle; includeInIndex = 0; path = "Face IDTests.xctest"; sourceTree = BUILT_PRODUCTS_DIR; };
		75B9BE972AEFA4C100D6F4A8 /* Face_IDTests.swift */ = {isa = PBXFileReference; lastKnownFileType = sourcecode.swift; path = Face_IDTests.swift; sourceTree = "<group>"; };
		75B9BE9D2AEFA4C100D6F4A8 /* Face IDUITests.xctest */ = {isa = PBXFileReference; explicitFileType = wrapper.cfbundle; includeInIndex = 0; path = "Face IDUITests.xctest"; sourceTree = BUILT_PRODUCTS_DIR; };
		75B9BEA12AEFA4C100D6F4A8 /* Face_IDUITests.swift */ = {isa = PBXFileReference; lastKnownFileType = sourcecode.swift; path = Face_IDUITests.swift; sourceTree = "<group>"; };
		75B9BEA32AEFA4C100D6F4A8 /* Face_IDUITestsLaunchTests.swift */ = {isa = PBXFileReference; lastKnownFileType = sourcecode.swift; path = Face_IDUITestsLaunchTests.swift; sourceTree = "<group>"; };
/* End PBXFileReference section */

/* Begin PBXFrameworksBuildPhase section */
		75B9BE7F2AEFA4BF00D6F4A8 /* Frameworks */ = {
			isa = PBXFrameworksBuildPhase;
			buildActionMask = 2147483647;
			files = (
			);
			runOnlyForDeploymentPostprocessing = 0;
		};
		75B9BE902AEFA4C100D6F4A8 /* Frameworks */ = {
			isa = PBXFrameworksBuildPhase;
			buildActionMask = 2147483647;
			files = (
			);
			runOnlyForDeploymentPostprocessing = 0;
		};
		75B9BE9A2AEFA4C100D6F4A8 /* Frameworks */ = {
			isa = PBXFrameworksBuildPhase;
			buildActionMask = 2147483647;
			files = (
			);
			runOnlyForDeploymentPostprocessing = 0;
		};
/* End PBXFrameworksBuildPhase section */

/* Begin PBXGroup section */
		75B9BE792AEFA4BF00D6F4A8 = {
			isa = PBXGroup;
			children = (
				75B9BE842AEFA4BF00D6F4A8 /* Face ID */,
				75B9BE962AEFA4C100D6F4A8 /* Face IDTests */,
				75B9BEA02AEFA4C100D6F4A8 /* Face IDUITests */,
				75B9BE832AEFA4BF00D6F4A8 /* Products */,
			);
			sourceTree = "<group>";
		};
		75B9BE832AEFA4BF00D6F4A8 /* Products */ = {
			isa = PBXGroup;
			children = (
				75B9BE822AEFA4BF00D6F4A8 /* Face ID.app */,
				75B9BE932AEFA4C100D6F4A8 /* Face IDTests.xctest */,
				75B9BE9D2AEFA4C100D6F4A8 /* Face IDUITests.xctest */,
			);
			name = Products;
			sourceTree = "<group>";
		};
		75B9BE842AEFA4BF00D6F4A8 /* Face ID */ = {
			isa = PBXGroup;
			children = (
				75B9BE852AEFA4BF00D6F4A8 /* Face_IDApp.swift */,
				75B9BE872AEFA4BF00D6F4A8 /* ContentView.swift */,
				75B9BE892AEFA4C100D6F4A8 /* Assets.xcassets */,
				75B9BE8B2AEFA4C100D6F4A8 /* Face_ID.entitlements */,
				75B9BE8C2AEFA4C100D6F4A8 /* Preview Content */,
			);
			path = "Face ID";
			sourceTree = "<group>";
		};
		75B9BE8C2AEFA4C100D6F4A8 /* Preview Content */ = {
			isa = PBXGroup;
			children = (
				75B9BE8D2AEFA4C100D6F4A8 /* Preview Assets.xcassets */,
			);
			path = "Preview Content";
			sourceTree = "<group>";
		};
		75B9BE962AEFA4C100D6F4A8 /* Face IDTests */ = {
			isa = PBXGroup;
			children = (
				75B9BE972AEFA4C100D6F4A8 /* Face_IDTests.swift */,
			);
			path = "Face IDTests";
			sourceTree = "<group>";
		};
		75B9BEA02AEFA4C100D6F4A8 /* Face IDUITests */ = {
			isa = PBXGroup;
			children = (
				75B9BEA12AEFA4C100D6F4A8 /* Face_IDUITests.swift */,
				75B9BEA32AEFA4C100D6F4A8 /* Face_IDUITestsLaunchTests.swift */,
			);
			path = "Face IDUITests";
			sourceTree = "<group>";
		};
/* End PBXGroup section */

/* Begin PBXNativeTarget section */
		75B9BE812AEFA4BF00D6F4A8 /* Face ID */ = {
			isa = PBXNativeTarget;
			buildConfigurationList = 75B9BEA72AEFA4C100D6F4A8 /* Build configuration list for PBXNativeTarget "Face ID" */;
			buildPhases = (
				75B9BE7E2AEFA4BF00D6F4A8 /* Sources */,
				75B9BE7F2AEFA4BF00D6F4A8 /* Frameworks */,
				75B9BE802AEFA4BF00D6F4A8 /* Resources */,
			);
			buildRules = (
			);
			dependencies = (
			);
			name = "Face ID";
			productName = "Face ID";
			productReference = 75B9BE822AEFA4BF00D6F4A8 /* Face ID.app */;
			productType = "com.apple.product-type.application";
		};
		75B9BE922AEFA4C100D6F4A8 /* Face IDTests */ = {
			isa = PBXNativeTarget;
			buildConfigurationList = 75B9BEAA2AEFA4C100D6F4A8 /* Build configuration list for PBXNativeTarget "Face IDTests" */;
			buildPhases = (
				75B9BE8F2AEFA4C100D6F4A8 /* Sources */,
				75B9BE902AEFA4C100D6F4A8 /* Frameworks */,
				75B9BE912AEFA4C100D6F4A8 /* Resources */,
			);
			buildRules = (
			);
			dependencies = (
				75B9BE952AEFA4C100D6F4A8 /* PBXTargetDependency */,
			);
			name = "Face IDTests";
			productName = "Face IDTests";
			productReference = 75B9BE932AEFA4C100D6F4A8 /* Face IDTests.xctest */;
			productType = "com.apple.product-type.bundle.unit-test";
		};
		75B9BE9C2AEFA4C100D6F4A8 /* Face IDUITests */ = {
			isa = PBXNativeTarget;
			buildConfigurationList = 75B9BEAD2AEFA4C100D6F4A8 /* Build configuration list for PBXNativeTarget "Face IDUITests" */;
			buildPhases = (
				75B9BE992AEFA4C100D6F4A8 /* Sources */,
				75B9BE9A2AEFA4C100D6F4A8 /* Frameworks */,
				75B9BE9B2AEFA4C100D6F4A8 /* Resources */,
			);
			buildRules = (
			);
			dependencies = (
				75B9BE9F2AEFA4C100D6F4A8 /* PBXTargetDependency */,
			);
			name = "Face IDUITests";
			productName = "Face IDUITests";
			productReference = 75B9BE9D2AEFA4C100D6F4A8 /* Face IDUITests.xctest */;
			productType = "com.apple.product-type.bundle.ui-testing";
		};
/* End PBXNativeTarget section */

/* Begin PBXProject section */
		75B9BE7A2AEFA4BF00D6F4A8 /* Project object */ = {
			isa = PBXProject;
			attributes = {
				BuildIndependentTargetsInParallel = 1;
				LastSwiftUpdateCheck = 1500;
				LastUpgradeCheck = 1500;
				TargetAttributes = {
					75B9BE812AEFA4BF00D6F4A8 = {
						CreatedOnToolsVersion = 15.0.1;
					};
					75B9BE922AEFA4C100D6F4A8 = {
						CreatedOnToolsVersion = 15.0.1;
						TestTargetID = 75B9BE812AEFA4BF00D6F4A8;
					};
					75B9BE9C2AEFA4C100D6F4A8 = {
						CreatedOnToolsVersion = 15.0.1;
						TestTargetID = 75B9BE812AEFA4BF00D6F4A8;
					};
				};
			};
			buildConfigurationList = 75B9BE7D2AEFA4BF00D6F4A8 /* Build configuration list for PBXProject "Face ID" */;
			compatibilityVersion = "Xcode 14.0";
			developmentRegion = en;
			hasScannedForEncodings = 0;
			knownRegions = (
				en,
				Base,
			);
			mainGroup = 75B9BE792AEFA4BF00D6F4A8;
			productRefGroup = 75B9BE832AEFA4BF00D6F4A8 /* Products */;
			projectDirPath = "";
			projectRoot = "";
			targets = (
				75B9BE812AEFA4BF00D6F4A8 /* Face ID */,
				75B9BE922AEFA4C100D6F4A8 /* Face IDTests */,
				75B9BE9C2AEFA4C100D6F4A8 /* Face IDUITests */,
			);
		};
/* End PBXProject section */

/* Begin PBXResourcesBuildPhase section */
		75B9BE802AEFA4BF00D6F4A8 /* Resources */ = {
			isa = PBXResourcesBuildPhase;
			buildActionMask = 2147483647;
			files = (
				75B9BE8E2AEFA4C100D6F4A8 /* Preview Assets.xcassets in Resources */,
				75B9BE8A2AEFA4C100D6F4A8 /* Assets.xcassets in Resources */,
			);
			runOnlyForDeploymentPostprocessing = 0;
		};
		75B9BE912AEFA4C100D6F4A8 /* Resources */ = {
			isa = PBXResourcesBuildPhase;
			buildActionMask = 2147483647;
			files = (
			);
			runOnlyForDeploymentPostprocessing = 0;
		};
		75B9BE9B2AEFA4C100D6F4A8 /* Resources */ = {
			isa = PBXResourcesBuildPhase;
			buildActionMask = 2147483647;
			files = (
			);
			runOnlyForDeploymentPostprocessing = 0;
		};
/* End PBXResourcesBuildPhase section */

/* Begin PBXSourcesBuildPhase section */
		75B9BE7E2AEFA4BF00D6F4A8 /* Sources */ = {
			isa = PBXSourcesBuildPhase;
			buildActionMask = 2147483647;
			files = (
				75B9BE882AEFA4BF00D6F4A8 /* ContentView.swift in Sources */,
				75B9BE862AEFA4BF00D6F4A8 /* Face_IDApp.swift in Sources */,
			);
			runOnlyForDeploymentPostprocessing = 0;
		};
		75B9BE8F2AEFA4C100D6F4A8 /* Sources */ = {
			isa = PBXSourcesBuildPhase;
			buildActionMask = 2147483647;
			files = (
				75B9BE982AEFA4C100D6F4A8 /* Face_IDTests.swift in Sources */,
			);
			runOnlyForDeploymentPostprocessing = 0;
		};
		75B9BE992AEFA4C100D6F4A8 /* Sources */ = {
			isa = PBXSourcesBuildPhase;
			buildActionMask = 2147483647;
			files = (
				75B9BEA42AEFA4C100D6F4A8 /* Face_IDUITestsLaunchTests.swift in Sources */,
				75B9BEA22AEFA4C100D6F4A8 /* Face_IDUITests.swift in Sources */,
			);
			runOnlyForDeploymentPostprocessing = 0;
		};
/* End PBXSourcesBuildPhase section */

/* Begin PBXTargetDependency section */
		75B9BE952AEFA4C100D6F4A8 /* PBXTargetDependency */ = {
			isa = PBXTargetDependency;
			target = 75B9BE812AEFA4BF00D6F4A8 /* Face ID */;
			targetProxy = 75B9BE942AEFA4C100D6F4A8 /* PBXContainerItemProxy */;
		};
		75B9BE9F2AEFA4C100D6F4A8 /* PBXTargetDependency */ = {
			isa = PBXTargetDependency;
			target = 75B9BE812AEFA4BF00D6F4A8 /* Face ID */;
			targetProxy = 75B9BE9E2AEFA4C100D6F4A8 /* PBXContainerItemProxy */;
		};
/* End PBXTargetDependency section */

/* Begin XCBuildConfiguration section */
		75B9BEA52AEFA4C100D6F4A8 /* Debug */ = {
			isa = XCBuildConfiguration;
			buildSettings = {
				ALWAYS_SEARCH_USER_PATHS = NO;
				ASSETCATALOG_COMPILER_GENERATE_SWIFT_ASSET_SYMBOL_EXTENSIONS = YES;
				CLANG_ANALYZER_NONNULL = YES;
				CLANG_ANALYZER_NUMBER_OBJECT_CONVERSION = YES_AGGRESSIVE;
				CLANG_CXX_LANGUAGE_STANDARD = "gnu++20";
				CLANG_ENABLE_MODULES = YES;
				CLANG_ENABLE_OBJC_ARC = YES;
				CLANG_ENABLE_OBJC_WEAK = YES;
				CLANG_WARN_BLOCK_CAPTURE_AUTORELEASING = YES;
				CLANG_WARN_BOOL_CONVERSION = YES;
				CLANG_WARN_COMMA = YES;
				CLANG_WARN_CONSTANT_CONVERSION = YES;
				CLANG_WARN_DEPRECATED_OBJC_IMPLEMENTATIONS = YES;
				CLANG_WARN_DIRECT_OBJC_ISA_USAGE = YES_ERROR;
				CLANG_WARN_DOCUMENTATION_COMMENTS = YES;
				CLANG_WARN_EMPTY_BODY = YES;
				CLANG_WARN_ENUM_CONVERSION = YES;
				CLANG_WARN_INFINITE_RECURSION = YES;
				CLANG_WARN_INT_CONVERSION = YES;
				CLANG_WARN_NON_LITERAL_NULL_CONVERSION = YES;
				CLANG_WARN_OBJC_IMPLICIT_RETAIN_SELF = YES;
				CLANG_WARN_OBJC_LITERAL_CONVERSION = YES;
				CLANG_WARN_OBJC_ROOT_CLASS = YES_ERROR;
				CLANG_WARN_QUOTED_INCLUDE_IN_FRAMEWORK_HEADER = YES;
				CLANG_WARN_RANGE_LOOP_ANALYSIS = YES;
				CLANG_WARN_STRICT_PROTOTYPES = YES;
				CLANG_WARN_SUSPICIOUS_MOVE = YES;
				CLANG_WARN_UNGUARDED_AVAILABILITY = YES_AGGRESSIVE;
				CLANG_WARN_UNREACHABLE_CODE = YES;
				CLANG_WARN__DUPLICATE_METHOD_MATCH = YES;
				COPY_PHASE_STRIP = NO;
				DEBUG_INFORMATION_FORMAT = dwarf;
				ENABLE_STRICT_OBJC_MSGSEND = YES;
				ENABLE_TESTABILITY = YES;
				ENABLE_USER_SCRIPT_SANDBOXING = YES;
				GCC_C_LANGUAGE_STANDARD = gnu17;
				GCC_DYNAMIC_NO_PIC = NO;
				GCC_NO_COMMON_BLOCKS = YES;
				GCC_OPTIMIZATION_LEVEL = 0;
				GCC_PREPROCESSOR_DEFINITIONS = (
					"DEBUG=1",
					"$(inherited)",
				);
				GCC_WARN_64_TO_32_BIT_CONVERSION = YES;
				GCC_WARN_ABOUT_RETURN_TYPE = YES_ERROR;
				GCC_WARN_UNDECLARED_SELECTOR = YES;
				GCC_WARN_UNINITIALIZED_AUTOS = YES_AGGRESSIVE;
				GCC_WARN_UNUSED_FUNCTION = YES;
				GCC_WARN_UNUSED_VARIABLE = YES;
				LOCALIZATION_PREFERS_STRING_CATALOGS = YES;
				MTL_ENABLE_DEBUG_INFO = INCLUDE_SOURCE;
				MTL_FAST_MATH = YES;
				ONLY_ACTIVE_ARCH = YES;
				SWIFT_ACTIVE_COMPILATION_CONDITIONS = "DEBUG $(inherited)";
				SWIFT_OPTIMIZATION_LEVEL = "-Onone";
			};
			name = Debug;
		};
		75B9BEA62AEFA4C100D6F4A8 /* Release */ = {
			isa = XCBuildConfiguration;
			buildSettings = {
				ALWAYS_SEARCH_USER_PATHS = NO;
				ASSETCATALOG_COMPILER_GENERATE_SWIFT_ASSET_SYMBOL_EXTENSIONS = YES;
				CLANG_ANALYZER_NONNULL = YES;
				CLANG_ANALYZER_NUMBER_OBJECT_CONVERSION = YES_AGGRESSIVE;
				CLANG_CXX_LANGUAGE_STANDARD = "gnu++20";
				CLANG_ENABLE_MODULES = YES;
				CLANG_ENABLE_OBJC_ARC = YES;
				CLANG_ENABLE_OBJC_WEAK = YES;
				CLANG_WARN_BLOCK_CAPTURE_AUTORELEASING = YES;
				CLANG_WARN_BOOL_CONVERSION = YES;
				CLANG_WARN_COMMA = YES;
				CLANG_WARN_CONSTANT_CONVERSION = YES;
				CLANG_WARN_DEPRECATED_OBJC_IMPLEMENTATIONS = YES;
				CLANG_WARN_DIRECT_OBJC_ISA_USAGE = YES_ERROR;
				CLANG_WARN_DOCUMENTATION_COMMENTS = YES;
				CLANG_WARN_EMPTY_BODY = YES;
				CLANG_WARN_ENUM_CONVERSION = YES;
				CLANG_WARN_INFINITE_RECURSION = YES;
				CLANG_WARN_INT_CONVERSION = YES;
				CLANG_WARN_NON_LITERAL_NULL_CONVERSION = YES;
				CLANG_WARN_OBJC_IMPLICIT_RETAIN_SELF = YES;
				CLANG_WARN_OBJC_LITERAL_CONVERSION = YES;
				CLANG_WARN_OBJC_ROOT_CLASS = YES_ERROR;
				CLANG_WARN_QUOTED_INCLUDE_IN_FRAMEWORK_HEADER = YES;
				CLANG_WARN_RANGE_LOOP_ANALYSIS = YES;
				CLANG_WARN_STRICT_PROTOTYPES = YES;
				CLANG_WARN_SUSPICIOUS_MOVE = YES;
				CLANG_WARN_UNGUARDED_AVAILABILITY = YES_AGGRESSIVE;
				CLANG_WARN_UNREACHABLE_CODE = YES;
				CLANG_WARN__DUPLICATE_METHOD_MATCH = YES;
				COPY_PHASE_STRIP = NO;
				DEBUG_INFORMATION_FORMAT = "dwarf-with-dsym";
				ENABLE_NS_ASSERTIONS = NO;
				ENABLE_STRICT_OBJC_MSGSEND = YES;
				ENABLE_USER_SCRIPT_SANDBOXING = YES;
				GCC_C_LANGUAGE_STANDARD = gnu17;
				GCC_NO_COMMON_BLOCKS = YES;
				GCC_WARN_64_TO_32_BIT_CONVERSION = YES;
				GCC_WARN_ABOUT_RETURN_TYPE = YES_ERROR;
				GCC_WARN_UNDECLARED_SELECTOR = YES;
				GCC_WARN_UNINITIALIZED_AUTOS = YES_AGGRESSIVE;
				GCC_WARN_UNUSED_FUNCTION = YES;
				GCC_WARN_UNUSED_VARIABLE = YES;
				LOCALIZATION_PREFERS_STRING_CATALOGS = YES;
				MTL_ENABLE_DEBUG_INFO = NO;
				MTL_FAST_MATH = YES;
				SWIFT_COMPILATION_MODE = wholemodule;
			};
			name = Release;
		};
		75B9BEA82AEFA4C100D6F4A8 /* Debug */ = {
			isa = XCBuildConfiguration;
			buildSettings = {
				ASSETCATALOG_COMPILER_APPICON_NAME = AppIcon;
				ASSETCATALOG_COMPILER_GLOBAL_ACCENT_COLOR_NAME = AccentColor;
				CODE_SIGN_ENTITLEMENTS = "Face ID/Face_ID.entitlements";
				CODE_SIGN_STYLE = Automatic;
				CURRENT_PROJECT_VERSION = 1;
				DEVELOPMENT_ASSET_PATHS = "\"Face ID/Preview Content\"";
				ENABLE_PREVIEWS = YES;
				GENERATE_INFOPLIST_FILE = YES;
				"INFOPLIST_KEY_UIApplicationSceneManifest_Generation[sdk=iphoneos*]" = YES;
				"INFOPLIST_KEY_UIApplicationSceneManifest_Generation[sdk=iphonesimulator*]" = YES;
				"INFOPLIST_KEY_UIApplicationSupportsIndirectInputEvents[sdk=iphoneos*]" = YES;
				"INFOPLIST_KEY_UIApplicationSupportsIndirectInputEvents[sdk=iphonesimulator*]" = YES;
				"INFOPLIST_KEY_UILaunchScreen_Generation[sdk=iphoneos*]" = YES;
				"INFOPLIST_KEY_UILaunchScreen_Generation[sdk=iphonesimulator*]" = YES;
				"INFOPLIST_KEY_UIStatusBarStyle[sdk=iphoneos*]" = UIStatusBarStyleDefault;
				"INFOPLIST_KEY_UIStatusBarStyle[sdk=iphonesimulator*]" = UIStatusBarStyleDefault;
				INFOPLIST_KEY_UISupportedInterfaceOrientations_iPad = "UIInterfaceOrientationPortrait UIInterfaceOrientationPortraitUpsideDown UIInterfaceOrientationLandscapeLeft UIInterfaceOrientationLandscapeRight";
				INFOPLIST_KEY_UISupportedInterfaceOrientations_iPhone = "UIInterfaceOrientationPortrait UIInterfaceOrientationLandscapeLeft UIInterfaceOrientationLandscapeRight";
				IPHONEOS_DEPLOYMENT_TARGET = 17.0;
				LD_RUNPATH_SEARCH_PATHS = "@executable_path/Frameworks";
				"LD_RUNPATH_SEARCH_PATHS[sdk=macosx*]" = "@executable_path/../Frameworks";
				MACOSX_DEPLOYMENT_TARGET = 14.0;
				MARKETING_VERSION = 1.0;
				PRODUCT_BUNDLE_IDENTIFIER = "MMKaruso.Face-ID";
				PRODUCT_NAME = "$(TARGET_NAME)";
				SDKROOT = auto;
				SUPPORTED_PLATFORMS = "iphoneos iphonesimulator macosx";
				SWIFT_EMIT_LOC_STRINGS = YES;
				SWIFT_VERSION = 5.0;
				TARGETED_DEVICE_FAMILY = "1,2";
			};
			name = Debug;
		};
		75B9BEA92AEFA4C100D6F4A8 /* Release */ = {
			isa = XCBuildConfiguration;
			buildSettings = {
				ASSETCATALOG_COMPILER_APPICON_NAME = AppIcon;
				ASSETCATALOG_COMPILER_GLOBAL_ACCENT_COLOR_NAME = AccentColor;
				CODE_SIGN_ENTITLEMENTS = "Face ID/Face_ID.entitlements";
				CODE_SIGN_STYLE = Automatic;
				CURRENT_PROJECT_VERSION = 1;
				DEVELOPMENT_ASSET_PATHS = "\"Face ID/Preview Content\"";
				ENABLE_PREVIEWS = YES;
				GENERATE_INFOPLIST_FILE = YES;
				"INFOPLIST_KEY_UIApplicationSceneManifest_Generation[sdk=iphoneos*]" = YES;
				"INFOPLIST_KEY_UIApplicationSceneManifest_Generation[sdk=iphonesimulator*]" = YES;
				"INFOPLIST_KEY_UIApplicationSupportsIndirectInputEvents[sdk=iphoneos*]" = YES;
				"INFOPLIST_KEY_UIApplicationSupportsIndirectInputEvents[sdk=iphonesimulator*]" = YES;
				"INFOPLIST_KEY_UILaunchScreen_Generation[sdk=iphoneos*]" = YES;
				"INFOPLIST_KEY_UILaunchScreen_Generation[sdk=iphonesimulator*]" = YES;
				"INFOPLIST_KEY_UIStatusBarStyle[sdk=iphoneos*]" = UIStatusBarStyleDefault;
				"INFOPLIST_KEY_UIStatusBarStyle[sdk=iphonesimulator*]" = UIStatusBarStyleDefault;
				INFOPLIST_KEY_UISupportedInterfaceOrientations_iPad = "UIInterfaceOrientationPortrait UIInterfaceOrientationPortraitUpsideDown UIInterfaceOrientationLandscapeLeft UIInterfaceOrientationLandscapeRight";
				INFOPLIST_KEY_UISupportedInterfaceOrientations_iPhone = "UIInterfaceOrientationPortrait UIInterfaceOrientationLandscapeLeft UIInterfaceOrientationLandscapeRight";
				IPHONEOS_DEPLOYMENT_TARGET = 17.0;
				LD_RUNPATH_SEARCH_PATHS = "@executable_path/Frameworks";
				"LD_RUNPATH_SEARCH_PATHS[sdk=macosx*]" = "@executable_path/../Frameworks";
				MACOSX_DEPLOYMENT_TARGET = 14.0;
				MARKETING_VERSION = 1.0;
				PRODUCT_BUNDLE_IDENTIFIER = "MMKaruso.Face-ID";
				PRODUCT_NAME = "$(TARGET_NAME)";
				SDKROOT = auto;
				SUPPORTED_PLATFORMS = "iphoneos iphonesimulator macosx";
				SWIFT_EMIT_LOC_STRINGS = YES;
				SWIFT_VERSION = 5.0;
				TARGETED_DEVICE_FAMILY = "1,2";
			};
			name = Release;
		};
		75B9BEAB2AEFA4C100D6F4A8 /* Debug */ = {
			isa = XCBuildConfiguration;
			buildSettings = {
				ALWAYS_EMBED_SWIFT_STANDARD_LIBRARIES = YES;
				BUNDLE_LOADER = "$(TEST_HOST)";
				CODE_SIGN_STYLE = Automatic;
				CURRENT_PROJECT_VERSION = 1;
				GENERATE_INFOPLIST_FILE = YES;
				IPHONEOS_DEPLOYMENT_TARGET = 17.0;
				MACOSX_DEPLOYMENT_TARGET = 14.0;
				MARKETING_VERSION = 1.0;
				PRODUCT_BUNDLE_IDENTIFIER = "MMKaruso.Face-IDTests";
				PRODUCT_NAME = "$(TARGET_NAME)";
				SDKROOT = auto;
				SUPPORTED_PLATFORMS = "iphoneos iphonesimulator macosx";
				SWIFT_EMIT_LOC_STRINGS = NO;
				SWIFT_VERSION = 5.0;
				TARGETED_DEVICE_FAMILY = "1,2";
				TEST_HOST = "$(BUILT_PRODUCTS_DIR)/Face ID.app/$(BUNDLE_EXECUTABLE_FOLDER_PATH)/Face ID";
			};
			name = Debug;
		};
		75B9BEAC2AEFA4C100D6F4A8 /* Release */ = {
			isa = XCBuildConfiguration;
			buildSettings = {
				ALWAYS_EMBED_SWIFT_STANDARD_LIBRARIES = YES;
				BUNDLE_LOADER = "$(TEST_HOST)";
				CODE_SIGN_STYLE = Automatic;
				CURRENT_PROJECT_VERSION = 1;
				GENERATE_INFOPLIST_FILE = YES;
				IPHONEOS_DEPLOYMENT_TARGET = 17.0;
				MACOSX_DEPLOYMENT_TARGET = 14.0;
				MARKETING_VERSION = 1.0;
				PRODUCT_BUNDLE_IDENTIFIER = "MMKaruso.Face-IDTests";
				PRODUCT_NAME = "$(TARGET_NAME)";
				SDKROOT = auto;
				SUPPORTED_PLATFORMS = "iphoneos iphonesimulator macosx";
				SWIFT_EMIT_LOC_STRINGS = NO;
				SWIFT_VERSION = 5.0;
				TARGETED_DEVICE_FAMILY = "1,2";
				TEST_HOST = "$(BUILT_PRODUCTS_DIR)/Face ID.app/$(BUNDLE_EXECUTABLE_FOLDER_PATH)/Face ID";
			};
			name = Release;
		};
		75B9BEAE2AEFA4C100D6F4A8 /* Debug */ = {
			isa = XCBuildConfiguration;
			buildSettings = {
				ALWAYS_EMBED_SWIFT_STANDARD_LIBRARIES = YES;
				CODE_SIGN_STYLE = Automatic;
				CURRENT_PROJECT_VERSION = 1;
				GENERATE_INFOPLIST_FILE = YES;
				IPHONEOS_DEPLOYMENT_TARGET = 17.0;
				MACOSX_DEPLOYMENT_TARGET = 14.0;
				MARKETING_VERSION = 1.0;
				PRODUCT_BUNDLE_IDENTIFIER = "MMKaruso.Face-IDUITests";
				PRODUCT_NAME = "$(TARGET_NAME)";
				SDKROOT = auto;
				SUPPORTED_PLATFORMS = "iphoneos iphonesimulator macosx";
				SWIFT_EMIT_LOC_STRINGS = NO;
				SWIFT_VERSION = 5.0;
				TARGETED_DEVICE_FAMILY = "1,2";
				TEST_TARGET_NAME = "Face ID";
			};
			name = Debug;
		};
		75B9BEAF2AEFA4C100D6F4A8 /* Release */ = {
			isa = XCBuildConfiguration;
			buildSettings = {
				ALWAYS_EMBED_SWIFT_STANDARD_LIBRARIES = YES;
				CODE_SIGN_STYLE = Automatic;
				CURRENT_PROJECT_VERSION = 1;
				GENERATE_INFOPLIST_FILE = YES;
				IPHONEOS_DEPLOYMENT_TARGET = 17.0;
				MACOSX_DEPLOYMENT_TARGET = 14.0;
				MARKETING_VERSION = 1.0;
				PRODUCT_BUNDLE_IDENTIFIER = "MMKaruso.Face-IDUITests";
				PRODUCT_NAME = "$(TARGET_NAME)";
				SDKROOT = auto;
				SUPPORTED_PLATFORMS = "iphoneos iphonesimulator macosx";
				SWIFT_EMIT_LOC_STRINGS = NO;
				SWIFT_VERSION = 5.0;
				TARGETED_DEVICE_FAMILY = "1,2";
				TEST_TARGET_NAME = "Face ID";
			};
			name = Release;
		};
/* End XCBuildConfiguration section */

/* Begin XCConfigurationList section */
		75B9BE7D2AEFA4BF00D6F4A8 /* Build configuration list for PBXProject "Face ID" */ = {
			isa = XCConfigurationList;
			buildConfigurations = (
				75B9BEA52AEFA4C100D6F4A8 /* Debug */,
				75B9BEA62AEFA4C100D6F4A8 /* Release */,
			);
			defaultConfigurationIsVisible = 0;
			defaultConfigurationName = Release;
		};
		75B9BEA72AEFA4C100D6F4A8 /* Build configuration list for PBXNativeTarget "Face ID" */ = {
			isa = XCConfigurationList;
			buildConfigurations = (
				75B9BEA82AEFA4C100D6F4A8 /* Debug */,
				75B9BEA92AEFA4C100D6F4A8 /* Release */,
			);
			defaultConfigurationIsVisible = 0;
			defaultConfigurationName = Release;
		};
		75B9BEAA2AEFA4C100D6F4A8 /* Build configuration list for PBXNativeTarget "Face IDTests" */ = {
			isa = XCConfigurationList;
			buildConfigurations = (
				75B9BEAB2AEFA4C100D6F4A8 /* Debug */,
				75B9BEAC2AEFA4C100D6F4A8 /* Release */,
			);
			defaultConfigurationIsVisible = 0;
			defaultConfigurationName = Release;
		};
		75B9BEAD2AEFA4C100D6F4A8 /* Build configuration list for PBXNativeTarget "Face IDUITests" */ = {
			isa = XCConfigurationList;
			buildConfigurations = (
				75B9BEAE2AEFA4C100D6F4A8 /* Debug */,
				75B9BEAF2AEFA4C100D6F4A8 /* Release */,
			);
			defaultConfigurationIsVisible = 0;
			defaultConfigurationName = Release;
		};
/* End XCConfigurationList section */
	};
	rootObject = 75B9BE7A2AEFA4BF00D6F4A8 /* Project object */;
}
